
Microsoft Visual Studio Solution File, Format Version 12.00
# Visual Studio Version 16
VisualStudioVersion = 16.0.29020.237
MinimumVisualStudioVersion = 10.0.40219.1
Project("{FAE04EC0-301F-11D3-BF4B-00C04F79EFBC}") = "UtilizandoFor", "UtilizandoFor\UtilizandoFor.csproj", "{CC7E7E32-2697-4BCF-9C5D-C62B9B218BA0}"
EndProject
Project("{FAE04EC0-301F-11D3-BF4B-00C04F79EFBC}") = "ErxerciosForWhile", "ErxerciosForWhile\ErxerciosForWhile.csproj", "{92B00CA2-FFEC-4B74-9AA8-63916041B79D}"
EndProject
Project("{FAE04EC0-301F-11D3-BF4B-00C04F79EFBC}") = "ConsoleApp1usandowhile", "ConsoleApp1usandowhile\ConsoleApp1usandowhile.csproj", "{386384BB-D479-415C-BCAB-E6999869EEBD}"
EndProject
Global
	GlobalSection(SolutionConfigurationPlatforms) = preSolution
		Debug|Any CPU = Debug|Any CPU
		Release|Any CPU = Release|Any CPU
	EndGlobalSection
	GlobalSection(ProjectConfigurationPlatforms) = postSolution
		{CC7E7E32-2697-4BCF-9C5D-C62B9B218BA0}.Debug|Any CPU.ActiveCfg = Debug|Any CPU
		{CC7E7E32-2697-4BCF-9C5D-C62B9B218BA0}.Debug|Any CPU.Build.0 = Debug|Any CPU
		{CC7E7E32-2697-4BCF-9C5D-C62B9B218BA0}.Release|Any CPU.ActiveCfg = Release|Any CPU
		{CC7E7E32-2697-4BCF-9C5D-C62B9B218BA0}.Release|Any CPU.Build.0 = Release|Any CPU
		{92B00CA2-FFEC-4B74-9AA8-63916041B79D}.Debug|Any CPU.ActiveCfg = Debug|Any CPU
		{92B00CA2-FFEC-4B74-9AA8-63916041B79D}.Debug|Any CPU.Build.0 = Debug|Any CPU
		{92B00CA2-FFEC-4B74-9AA8-63916041B79D}.Release|Any CPU.ActiveCfg = Release|Any CPU
		{92B00CA2-FFEC-4B74-9AA8-63916041B79D}.Release|Any CPU.Build.0 = Release|Any CPU
		{386384BB-D479-415C-BCAB-E6999869EEBD}.Debug|Any CPU.ActiveCfg = Debug|Any CPU
		{386384BB-D479-415C-BCAB-E6999869EEBD}.Debug|Any CPU.Build.0 = Debug|Any CPU
		{386384BB-D479-415C-BCAB-E6999869EEBD}.Release|Any CPU.ActiveCfg = Release|Any CPU
		{386384BB-D479-415C-BCAB-E6999869EEBD}.Release|Any CPU.Build.0 = Release|Any CPU
	EndGlobalSection
	GlobalSection(SolutionProperties) = preSolution
		HideSolutionNode = FALSE
	EndGlobalSection
	GlobalSection(ExtensibilityGlobals) = postSolution
		SolutionGuid = {564FBB13-02F4-4083-A96C-FA3764591E8A}
	EndGlobalSection
EndGlobal
